// !$*UTF8*$!
{
	archiveVersion = 1;
	classes = {
	};
	objectVersion = 46;
	objects = {

/* Begin PBXBuildFile section */
		F62110B11AD1E15400D42750 /* AppDelegate.swift in Sources */ = {isa = PBXBuildFile; fileRef = F62110B01AD1E15400D42750 /* AppDelegate.swift */; };
		F62110B31AD1E15400D42750 /* RecordSoundsViewController.swift in Sources */ = {isa = PBXBuildFile; fileRef = F62110B21AD1E15400D42750 /* RecordSoundsViewController.swift */; };
		F62110B61AD1E15400D42750 /* Main.storyboard in Resources */ = {isa = PBXBuildFile; fileRef = F62110B41AD1E15400D42750 /* Main.storyboard */; };
		F62110B81AD1E15400D42750 /* Images.xcassets in Resources */ = {isa = PBXBuildFile; fileRef = F62110B71AD1E15400D42750 /* Images.xcassets */; };
		F62110BB1AD1E15400D42750 /* LaunchScreen.xib in Resources */ = {isa = PBXBuildFile; fileRef = F62110B91AD1E15400D42750 /* LaunchScreen.xib */; };
		F62110C71AD1E15500D42750 /* Pitch_PerfectTests.swift in Sources */ = {isa = PBXBuildFile; fileRef = F62110C61AD1E15500D42750 /* Pitch_PerfectTests.swift */; };
		F62FC3AB1AD4C39800CE95EE /* PlaySoundsViewController.swift in Sources */ = {isa = PBXBuildFile; fileRef = F62FC3AA1AD4C39800CE95EE /* PlaySoundsViewController.swift */; };
		F62FC3AD1AD4C5A700CE95EE /* movie_quote.mp3 in Resources */ = {isa = PBXBuildFile; fileRef = F62FC3AC1AD4C5A700CE95EE /* movie_quote.mp3 */; };
		F62FC3AF1AD4C64E00CE95EE /* AVFoundation.framework in Frameworks */ = {isa = PBXBuildFile; fileRef = F62FC3AE1AD4C64E00CE95EE /* AVFoundation.framework */; };
		F6D681411AEC615C0086D3BF /* RecordedAudio.swift in Sources */ = {isa = PBXBuildFile; fileRef = F6D681401AEC615C0086D3BF /* RecordedAudio.swift */; };
/* End PBXBuildFile section */

/* Begin PBXContainerItemProxy section */
		F62110C11AD1E15500D42750 /* PBXContainerItemProxy */ = {
			isa = PBXContainerItemProxy;
			containerPortal = F62110A31AD1E15400D42750 /* Project object */;
			proxyType = 1;
			remoteGlobalIDString = F62110AA1AD1E15400D42750;
			remoteInfo = "Pitch Perfect";
		};
/* End PBXContainerItemProxy section */

/* Begin PBXFileReference section */
		F62110AB1AD1E15400D42750 /* Pitch Perfect.app */ = {isa = PBXFileReference; explicitFileType = wrapper.application; includeInIndex = 0; path = "Pitch Perfect.app"; sourceTree = BUILT_PRODUCTS_DIR; };
		F62110AF1AD1E15400D42750 /* Info.plist */ = {isa = PBXFileReference; lastKnownFileType = text.plist.xml; path = Info.plist; sourceTree = "<group>"; };
		F62110B01AD1E15400D42750 /* AppDelegate.swift */ = {isa = PBXFileReference; lastKnownFileType = sourcecode.swift; path = AppDelegate.swift; sourceTree = "<group>"; };
		F62110B21AD1E15400D42750 /* RecordSoundsViewController.swift */ = {isa = PBXFileReference; lastKnownFileType = sourcecode.swift; path = RecordSoundsViewController.swift; sourceTree = "<group>"; };
		F62110B51AD1E15400D42750 /* Base */ = {isa = PBXFileReference; lastKnownFileType = file.storyboard; name = Base; path = Base.lproj/Main.storyboard; sourceTree = "<group>"; };
		F62110B71AD1E15400D42750 /* Images.xcassets */ = {isa = PBXFileReference; lastKnownFileType = folder.assetcatalog; path = Images.xcassets; sourceTree = "<group>"; };
		F62110BA1AD1E15400D42750 /* Base */ = {isa = PBXFileReference; lastKnownFileType = file.xib; name = Base; path = Base.lproj/LaunchScreen.xib; sourceTree = "<group>"; };
		F62110C01AD1E15400D42750 /* Pitch PerfectTests.xctest */ = {isa = PBXFileReference; explicitFileType = wrapper.cfbundle; includeInIndex = 0; path = "Pitch PerfectTests.xctest"; sourceTree = BUILT_PRODUCTS_DIR; };
		F62110C51AD1E15500D42750 /* Info.plist */ = {isa = PBXFileReference; lastKnownFileType = text.plist.xml; path = Info.plist; sourceTree = "<group>"; };
		F62110C61AD1E15500D42750 /* Pitch_PerfectTests.swift */ = {isa = PBXFileReference; lastKnownFileType = sourcecode.swift; path = Pitch_PerfectTests.swift; sourceTree = "<group>"; };
		F62FC3AA1AD4C39800CE95EE /* PlaySoundsViewController.swift */ = {isa = PBXFileReference; fileEncoding = 4; lastKnownFileType = sourcecode.swift; path = PlaySoundsViewController.swift; sourceTree = "<group>"; };
		F62FC3AC1AD4C5A700CE95EE /* movie_quote.mp3 */ = {isa = PBXFileReference; lastKnownFileType = audio.mp3; path = movie_quote.mp3; sourceTree = "<group>"; };
		F62FC3AE1AD4C64E00CE95EE /* AVFoundation.framework */ = {isa = PBXFileReference; lastKnownFileType = wrapper.framework; name = AVFoundation.framework; path = System/Library/Frameworks/AVFoundation.framework; sourceTree = SDKROOT; };
		F6D681401AEC615C0086D3BF /* RecordedAudio.swift */ = {isa = PBXFileReference; fileEncoding = 4; lastKnownFileType = sourcecode.swift; path = RecordedAudio.swift; sourceTree = "<group>"; };
/* End PBXFileReference section */

/* Begin PBXFrameworksBuildPhase section */
		F62110A81AD1E15400D42750 /* Frameworks */ = {
			isa = PBXFrameworksBuildPhase;
			buildActionMask = 2147483647;
			files = (
				F62FC3AF1AD4C64E00CE95EE /* AVFoundation.framework in Frameworks */,
			);
			runOnlyForDeploymentPostprocessing = 0;
		};
		F62110BD1AD1E15400D42750 /* Frameworks */ = {
			isa = PBXFrameworksBuildPhase;
			buildActionMask = 2147483647;
			files = (
			);
			runOnlyForDeploymentPostprocessing = 0;
		};
/* End PBXFrameworksBuildPhase section */

/* Begin PBXGroup section */
		F62110A21AD1E15400D42750 = {
			isa = PBXGroup;
			children = (
				F62FC3AE1AD4C64E00CE95EE /* AVFoundation.framework */,
				F62110AD1AD1E15400D42750 /* Pitch Perfect */,
				F62110C31AD1E15500D42750 /* Pitch PerfectTests */,
				F62110AC1AD1E15400D42750 /* Products */,
			);
			sourceTree = "<group>";
		};
		F62110AC1AD1E15400D42750 /* Products */ = {
			isa = PBXGroup;
			children = (
				F62110AB1AD1E15400D42750 /* Pitch Perfect.app */,
				F62110C01AD1E15400D42750 /* Pitch PerfectTests.xctest */,
			);
			name = Products;
			sourceTree = "<group>";
		};
		F62110AD1AD1E15400D42750 /* Pitch Perfect */ = {
			isa = PBXGroup;
			children = (
				F62110B01AD1E15400D42750 /* AppDelegate.swift */,
				F62110B21AD1E15400D42750 /* RecordSoundsViewController.swift */,
				F6D681401AEC615C0086D3BF /* RecordedAudio.swift */,
				F62FC3AA1AD4C39800CE95EE /* PlaySoundsViewController.swift */,
				F62110B41AD1E15400D42750 /* Main.storyboard */,
				F62110B71AD1E15400D42750 /* Images.xcassets */,
				F62110B91AD1E15400D42750 /* LaunchScreen.xib */,
				F62110AE1AD1E15400D42750 /* Supporting Files */,
			);
			path = "Pitch Perfect";
			sourceTree = "<group>";
		};
		F62110AE1AD1E15400D42750 /* Supporting Files */ = {
			isa = PBXGroup;
			children = (
				F62FC3AC1AD4C5A700CE95EE /* movie_quote.mp3 */,
				F62110AF1AD1E15400D42750 /* Info.plist */,
			);
			name = "Supporting Files";
			sourceTree = "<group>";
		};
		F62110C31AD1E15500D42750 /* Pitch PerfectTests */ = {
			isa = PBXGroup;
			children = (
				F62110C61AD1E15500D42750 /* Pitch_PerfectTests.swift */,
				F62110C41AD1E15500D42750 /* Supporting Files */,
			);
			path = "Pitch PerfectTests";
			sourceTree = "<group>";
		};
		F62110C41AD1E15500D42750 /* Supporting Files */ = {
			isa = PBXGroup;
			children = (
				F62110C51AD1E15500D42750 /* Info.plist */,
			);
			name = "Supporting Files";
			sourceTree = "<group>";
		};
/* End PBXGroup section */

/* Begin PBXNativeTarget section */
		F62110AA1AD1E15400D42750 /* Pitch Perfect */ = {
			isa = PBXNativeTarget;
			buildConfigurationList = F62110CA1AD1E15500D42750 /* Build configuration list for PBXNativeTarget "Pitch Perfect" */;
			buildPhases = (
				F62110A71AD1E15400D42750 /* Sources */,
				F62110A81AD1E15400D42750 /* Frameworks */,
				F62110A91AD1E15400D42750 /* Resources */,
			);
			buildRules = (
			);
			dependencies = (
			);
			name = "Pitch Perfect";
			productName = "Pitch Perfect";
			productReference = F62110AB1AD1E15400D42750 /* Pitch Perfect.app */;
			productType = "com.apple.product-type.application";
		};
		F62110BF1AD1E15400D42750 /* Pitch PerfectTests */ = {
			isa = PBXNativeTarget;
			buildConfigurationList = F62110CD1AD1E15500D42750 /* Build configuration list for PBXNativeTarget "Pitch PerfectTests" */;
			buildPhases = (
				F62110BC1AD1E15400D42750 /* Sources */,
				F62110BD1AD1E15400D42750 /* Frameworks */,
				F62110BE1AD1E15400D42750 /* Resources */,
			);
			buildRules = (
			);
			dependencies = (
				F62110C21AD1E15500D42750 /* PBXTargetDependency */,
			);
			name = "Pitch PerfectTests";
			productName = "Pitch PerfectTests";
			productReference = F62110C01AD1E15400D42750 /* Pitch PerfectTests.xctest */;
			productType = "com.apple.product-type.bundle.unit-test";
		};
/* End PBXNativeTarget section */

/* Begin PBXProject section */
		F62110A31AD1E15400D42750 /* Project object */ = {
			isa = PBXProject;
			attributes = {
				LastUpgradeCheck = 0620;
				ORGANIZATIONNAME = "Steven Marlowe";
				TargetAttributes = {
					F62110AA1AD1E15400D42750 = {
						CreatedOnToolsVersion = 6.2;
					};
					F62110BF1AD1E15400D42750 = {
						CreatedOnToolsVersion = 6.2;
						TestTargetID = F62110AA1AD1E15400D42750;
					};
				};
			};
			buildConfigurationList = F62110A61AD1E15400D42750 /* Build configuration list for PBXProject "Pitch Perfect" */;
			compatibilityVersion = "Xcode 3.2";
			developmentRegion = English;
			hasScannedForEncodings = 0;
			knownRegions = (
				en,
				Base,
			);
			mainGroup = F62110A21AD1E15400D42750;
			productRefGroup = F62110AC1AD1E15400D42750 /* Products */;
			projectDirPath = "";
			projectRoot = "";
			targets = (
				F62110AA1AD1E15400D42750 /* Pitch Perfect */,
				F62110BF1AD1E15400D42750 /* Pitch PerfectTests */,
			);
		};
/* End PBXProject section */

/* Begin PBXResourcesBuildPhase section */
		F62110A91AD1E15400D42750 /* Resources */ = {
			isa = PBXResourcesBuildPhase;
			buildActionMask = 2147483647;
			files = (
				F62110B61AD1E15400D42750 /* Main.storyboard in Resources */,
				F62110BB1AD1E15400D42750 /* LaunchScreen.xib in Resources */,
				F62FC3AD1AD4C5A700CE95EE /* movie_quote.mp3 in Resources */,
				F62110B81AD1E15400D42750 /* Images.xcassets in Resources */,
			);
			runOnlyForDeploymentPostprocessing = 0;
		};
		F62110BE1AD1E15400D42750 /* Resources */ = {
			isa = PBXResourcesBuildPhase;
			buildActionMask = 2147483647;
			files = (
			);
			runOnlyForDeploymentPostprocessing = 0;
		};
/* End PBXResourcesBuildPhase section */

/* Begin PBXSourcesBuildPhase section */
		F62110A71AD1E15400D42750 /* Sources */ = {
			isa = PBXSourcesBuildPhase;
			buildActionMask = 2147483647;
			files = (
				F6D681411AEC615C0086D3BF /* RecordedAudio.swift in Sources */,
				F62110B31AD1E15400D42750 /* RecordSoundsViewController.swift in Sources */,
				F62FC3AB1AD4C39800CE95EE /* PlaySoundsViewController.swift in Sources */,
				F62110B11AD1E15400D42750 /* AppDelegate.swift in Sources */,
			);
			runOnlyForDeploymentPostprocessing = 0;
		};
		F62110BC1AD1E15400D42750 /* Sources */ = {
			isa = PBXSourcesBuildPhase;
			buildActionMask = 2147483647;
			files = (
				F62110C71AD1E15500D42750 /* Pitch_PerfectTests.swift in Sources */,
			);
			runOnlyForDeploymentPostprocessing = 0;
		};
/* End PBXSourcesBuildPhase section */

/* Begin PBXTargetDependency section */
		F62110C21AD1E15500D42750 /* PBXTargetDependency */ = {
			isa = PBXTargetDependency;
			target = F62110AA1AD1E15400D42750 /* Pitch Perfect */;
			targetProxy = F62110C11AD1E15500D42750 /* PBXContainerItemProxy */;
		};
/* End PBXTargetDependency section */

/* Begin PBXVariantGroup section */
		F62110B41AD1E15400D42750 /* Main.storyboard */ = {
			isa = PBXVariantGroup;
			children = (
				F62110B51AD1E15400D42750 /* Base */,
			);
			name = Main.storyboard;
			sourceTree = "<group>";
		};
		F62110B91AD1E15400D42750 /* LaunchScreen.xib */ = {
			isa = PBXVariantGroup;
			children = (
				F62110BA1AD1E15400D42750 /* Base */,
			);
			name = LaunchScreen.xib;
			sourceTree = "<group>";
		};
/* End PBXVariantGroup section */

/* Begin XCBuildConfiguration section */
		F62110C81AD1E15500D42750 /* Debug */ = {
			isa = XCBuildConfiguration;
			buildSettings = {
				ALWAYS_SEARCH_USER_PATHS = NO;
				CLANG_CXX_LANGUAGE_STANDARD = "gnu++0x";
				CLANG_CXX_LIBRARY = "libc++";
				CLANG_ENABLE_MODULES = YES;
				CLANG_ENABLE_OBJC_ARC = YES;
				CLANG_WARN_BOOL_CONVERSION = YES;
				CLANG_WARN_CONSTANT_CONVERSION = YES;
				CLANG_WARN_DIRECT_OBJC_ISA_USAGE = YES_ERROR;
				CLANG_WARN_EMPTY_BODY = YES;
				CLANG_WARN_ENUM_CONVERSION = YES;
				CLANG_WARN_INT_CONVERSION = YES;
				CLANG_WARN_OBJC_ROOT_CLASS = YES_ERROR;
				CLANG_WARN_UNREACHABLE_CODE = YES;
				CLANG_WARN__DUPLICATE_METHOD_MATCH = YES;
				"CODE_SIGN_IDENTITY[sdk=iphoneos*]" = "iPhone Developer";
				COPY_PHASE_STRIP = NO;
				ENABLE_STRICT_OBJC_MSGSEND = YES;
				GCC_C_LANGUAGE_STANDARD = gnu99;
				GCC_DYNAMIC_NO_PIC = NO;
				GCC_OPTIMIZATION_LEVEL = 0;
				GCC_PREPROCESSOR_DEFINITIONS = (
					"DEBUG=1",
					"$(inherited)",
				);
				GCC_SYMBOLS_PRIVATE_EXTERN = NO;
				GCC_WARN_64_TO_32_BIT_CONVERSION = YES;
				GCC_WARN_ABOUT_RETURN_TYPE = YES_ERROR;
				GCC_WARN_UNDECLARED_SELECTOR = YES;
				GCC_WARN_UNINITIALIZED_AUTOS = YES_AGGRESSIVE;
				GCC_WARN_UNUSED_FUNCTION = YES;
				GCC_WARN_UNUSED_VARIABLE = YES;
				IPHONEOS_DEPLOYMENT_TARGET = 8.2;
				MTL_ENABLE_DEBUG_INFO = YES;
				ONLY_ACTIVE_ARCH = YES;
				SDKROOT = iphoneos;
				SWIFT_OPTIMIZATION_LEVEL = "-Onone";
			};
			name = Debug;
		};
		F62110C91AD1E15500D42750 /* Release */ = {
			isa = XCBuildConfiguration;
			buildSettings = {
				ALWAYS_SEARCH_USER_PATHS = NO;
				CLANG_CXX_LANGUAGE_STANDARD = "gnu++0x";
				CLANG_CXX_LIBRARY = "libc++";
				CLANG_ENABLE_MODULES = YES;
				CLANG_ENABLE_OBJC_ARC = YES;
				CLANG_WARN_BOOL_CONVERSION = YES;
				CLANG_WARN_CONSTANT_CONVERSION = YES;
				CLANG_WARN_DIRECT_OBJC_ISA_USAGE = YES_ERROR;
				CLANG_WARN_EMPTY_BODY = YES;
				CLANG_WARN_ENUM_CONVERSION = YES;
				CLANG_WARN_INT_CONVERSION = YES;
				CLANG_WARN_OBJC_ROOT_CLASS = YES_ERROR;
				CLANG_WARN_UNREACHABLE_CODE = YES;
				CLANG_WARN__DUPLICATE_METHOD_MATCH = YES;
				"CODE_SIGN_IDENTITY[sdk=iphoneos*]" = "iPhone Developer";
				COPY_PHASE_STRIP = NO;
				ENABLE_NS_ASSERTIONS = NO;
				ENABLE_STRICT_OBJC_MSGSEND = YES;
				GCC_C_LANGUAGE_STANDARD = gnu99;
				GCC_WARN_64_TO_32_BIT_CONVERSION = YES;
				GCC_WARN_ABOUT_RETURN_TYPE = YES_ERROR;
				GCC_WARN_UNDECLARED_SELECTOR = YES;
				GCC_WARN_UNINITIALIZED_AUTOS = YES_AGGRESSIVE;
				GCC_WARN_UNUSED_FUNCTION = YES;
				GCC_WARN_UNUSED_VARIABLE = YES;
				IPHONEOS_DEPLOYMENT_TARGET = 8.2;
				MTL_ENABLE_DEBUG_INFO = NO;
				SDKROOT = iphoneos;
				VALIDATE_PRODUCT = YES;
			};
			name = Release;
		};
		F62110CB1AD1E15500D42750 /* Debug */ = {
			isa = XCBuildConfiguration;
			buildSettings = {
				ASSETCATALOG_COMPILER_APPICON_NAME = AppIcon;
				INFOPLIST_FILE = "Pitch Perfect/Info.plist";
				LD_RUNPATH_SEARCH_PATHS = "$(inherited) @executable_path/Frameworks";
				PRODUCT_NAME = "$(TARGET_NAME)";
			};
			name = Debug;
		};
		F62110CC1AD1E15500D42750 /* Release */ = {
			isa = XCBuildConfiguration;
			buildSettings = {
				ASSETCATALOG_COMPILER_APPICON_NAME = AppIcon;
				INFOPLIST_FILE = "Pitch Perfect/Info.plist";
				LD_RUNPATH_SEARCH_PATHS = "$(inherited) @executable_path/Frameworks";
				PRODUCT_NAME = "$(TARGET_NAME)";
			};
			name = Release;
		};
		F62110CE1AD1E15500D42750 /* Debug */ = {
			isa = XCBuildConfiguration;
			buildSettings = {
				BUNDLE_LOADER = "$(TEST_HOST)";
				FRAMEWORK_SEARCH_PATHS = (
					"$(SDKROOT)/Developer/Library/Frameworks",
					"$(inherited)",
				);
				GCC_PREPROCESSOR_DEFINITIONS = (
					"DEBUG=1",
					"$(inherited)",
				);
				INFOPLIST_FILE = "Pitch PerfectTests/Info.plist";
				LD_RUNPATH_SEARCH_PATHS = "$(inherited) @executable_path/Frameworks @loader_path/Frameworks";
				PRODUCT_NAME = "$(TARGET_NAME)";
				TEST_HOST = "$(BUILT_PRODUCTS_DIR)/Pitch Perfect.app/Pitch Perfect";
			};
			name = Debug;
		};
		F62110CF1AD1E15500D42750 /* Release */ = {
			isa = XCBuildConfiguration;
			buildSettings = {
				BUNDLE_LOADER = "$(TEST_HOST)";
				FRAMEWORK_SEARCH_PATHS = (
					"$(SDKROOT)/Developer/Library/Frameworks",
					"$(inherited)",
				);
				INFOPLIST_FILE = "Pitch PerfectTests/Info.plist";
				LD_RUNPATH_SEARCH_PATHS = "$(inherited) @executable_path/Frameworks @loader_path/Frameworks";
				PRODUCT_NAME = "$(TARGET_NAME)";
				TEST_HOST = "$(BUILT_PRODUCTS_DIR)/Pitch Perfect.app/Pitch Perfect";
			};
			name = Release;
		};
/* End XCBuildConfiguration section */

/* Begin XCConfigurationList section */
		F62110A61AD1E15400D42750 /* Build configuration list for PBXProject "Pitch Perfect" */ = {
			isa = XCConfigurationList;
			buildConfigurations = (
				F62110C81AD1E15500D42750 /* Debug */,
				F62110C91AD1E15500D42750 /* Release */,
			);
			defaultConfigurationIsVisible = 0;
			defaultConfigurationName = Release;
		};
		F62110CA1AD1E15500D42750 /* Build configuration list for PBXNativeTarget "Pitch Perfect" */ = {
			isa = XCConfigurationList;
			buildConfigurations = (
				F62110CB1AD1E15500D42750 /* Debug */,
				F62110CC1AD1E15500D42750 /* Release */,
			);
			defaultConfigurationIsVisible = 0;
			defaultConfigurationName = Release;
		};
		F62110CD1AD1E15500D42750 /* Build configuration list for PBXNativeTarget "Pitch PerfectTests" */ = {
			isa = XCConfigurationList;
			buildConfigurations = (
				F62110CE1AD1E15500D42750 /* Debug */,
				F62110CF1AD1E15500D42750 /* Release */,
			);
			defaultConfigurationIsVisible = 0;
			defaultConfigurationName = Release;
		};
/* End XCConfigurationList section */
	};
	rootObject = F62110A31AD1E15400D42750 /* Project object */;
}
